// !$*UTF8*$!
{
	archiveVersion = 1;
	classes = {
	};
	objectVersion = 50;
	objects = {

/* Begin PBXBuildFile section */
		1C4403B3262CDE7200C6739D /* ExchangeRateClient.swift in Sources */ = {isa = PBXBuildFile; fileRef = 1C4403B2262CDE7200C6739D /* ExchangeRateClient.swift */; };
		1C4AD60B2629DF0E000F9ED4 /* EmptyView.swift in Sources */ = {isa = PBXBuildFile; fileRef = 1C4AD60A2629DF0E000F9ED4 /* EmptyView.swift */; };
		1C6050C62620D5DE0056C537 /* myCurrencyApp.swift in Sources */ = {isa = PBXBuildFile; fileRef = 1C6050C52620D5DE0056C537 /* myCurrencyApp.swift */; };
		1C6050CA2620D5E20056C537 /* Assets.xcassets in Resources */ = {isa = PBXBuildFile; fileRef = 1C6050C92620D5E20056C537 /* Assets.xcassets */; };
		1C6050CD2620D5E20056C537 /* Preview Assets.xcassets in Resources */ = {isa = PBXBuildFile; fileRef = 1C6050CC2620D5E20056C537 /* Preview Assets.xcassets */; };
		1C6050D72620D6730056C537 /* Currency.swift in Sources */ = {isa = PBXBuildFile; fileRef = 1C6050D62620D6730056C537 /* Currency.swift */; };
		1C6050D92620D6E90056C537 /* AppState.swift in Sources */ = {isa = PBXBuildFile; fileRef = 1C6050D82620D6E90056C537 /* AppState.swift */; };
		1C6050DC2620D7FA0056C537 /* CurrencyExchange.swift in Sources */ = {isa = PBXBuildFile; fileRef = 1C6050DB2620D7FA0056C537 /* CurrencyExchange.swift */; };
		1C6050DE2620DE7C0056C537 /* ExchangeRateProvider.swift in Sources */ = {isa = PBXBuildFile; fileRef = 1C6050DD2620DE7C0056C537 /* ExchangeRateProvider.swift */; };
		1C6050E12620E3420056C537 /* Client.swift in Sources */ = {isa = PBXBuildFile; fileRef = 1C6050E02620E3420056C537 /* Client.swift */; };
		1C6227142623672600995DEC /* SelectionView.swift in Sources */ = {isa = PBXBuildFile; fileRef = 1C6227132623672600995DEC /* SelectionView.swift */; };
		1C62271626236ADD00995DEC /* SearchBar.swift in Sources */ = {isa = PBXBuildFile; fileRef = 1C62271526236ADD00995DEC /* SearchBar.swift */; };
		1C7C0E4F262AD8CA0015E7F1 /* AsyncStorageProvider.swift in Sources */ = {isa = PBXBuildFile; fileRef = 1C7C0E4E262AD8CA0015E7F1 /* AsyncStorageProvider.swift */; };
		1C7C0E51262AE0920015E7F1 /* CurrencyDocumentStorage.swift in Sources */ = {isa = PBXBuildFile; fileRef = 1C7C0E50262AE0920015E7F1 /* CurrencyDocumentStorage.swift */; };
		1C93AF052624761900751B9A /* currencies.json in Resources */ = {isa = PBXBuildFile; fileRef = 1C93AF042624761900751B9A /* currencies.json */; };
		1C93AF0726247E1000751B9A /* SelectionRow.swift in Sources */ = {isa = PBXBuildFile; fileRef = 1C93AF0626247E1000751B9A /* SelectionRow.swift */; };
		1C93AF092624874A00751B9A /* MainView.swift in Sources */ = {isa = PBXBuildFile; fileRef = 1C93AF082624874A00751B9A /* MainView.swift */; };
		1C93AF0D2624A70C00751B9A /* MainViewRow.swift in Sources */ = {isa = PBXBuildFile; fileRef = 1C93AF0C2624A70C00751B9A /* MainViewRow.swift */; };
		1CB83F0826219F4800E8231A /* FlagsViewModel.swift in Sources */ = {isa = PBXBuildFile; fileRef = 1CB83F0726219F4800E8231A /* FlagsViewModel.swift */; };
		1CB83F0A2621A02C00E8231A /* FlagView.swift in Sources */ = {isa = PBXBuildFile; fileRef = 1CB83F092621A02C00E8231A /* FlagView.swift */; };
/* End PBXBuildFile section */

/* Begin PBXFileReference section */
		1C4403B2262CDE7200C6739D /* ExchangeRateClient.swift */ = {isa = PBXFileReference; lastKnownFileType = sourcecode.swift; path = ExchangeRateClient.swift; sourceTree = "<group>"; };
		1C4AD60A2629DF0E000F9ED4 /* EmptyView.swift */ = {isa = PBXFileReference; lastKnownFileType = sourcecode.swift; path = EmptyView.swift; sourceTree = "<group>"; };
		1C6050C22620D5DE0056C537 /* myCurrency.app */ = {isa = PBXFileReference; explicitFileType = wrapper.application; includeInIndex = 0; path = myCurrency.app; sourceTree = BUILT_PRODUCTS_DIR; };
		1C6050C52620D5DE0056C537 /* myCurrencyApp.swift */ = {isa = PBXFileReference; lastKnownFileType = sourcecode.swift; path = myCurrencyApp.swift; sourceTree = "<group>"; };
		1C6050C92620D5E20056C537 /* Assets.xcassets */ = {isa = PBXFileReference; lastKnownFileType = folder.assetcatalog; path = Assets.xcassets; sourceTree = "<group>"; };
		1C6050CC2620D5E20056C537 /* Preview Assets.xcassets */ = {isa = PBXFileReference; lastKnownFileType = folder.assetcatalog; path = "Preview Assets.xcassets"; sourceTree = "<group>"; };
		1C6050CE2620D5E20056C537 /* Info.plist */ = {isa = PBXFileReference; lastKnownFileType = text.plist.xml; path = Info.plist; sourceTree = "<group>"; };
		1C6050D62620D6730056C537 /* Currency.swift */ = {isa = PBXFileReference; lastKnownFileType = sourcecode.swift; path = Currency.swift; sourceTree = "<group>"; };
		1C6050D82620D6E90056C537 /* AppState.swift */ = {isa = PBXFileReference; lastKnownFileType = sourcecode.swift; path = AppState.swift; sourceTree = "<group>"; };
		1C6050DB2620D7FA0056C537 /* CurrencyExchange.swift */ = {isa = PBXFileReference; lastKnownFileType = sourcecode.swift; path = CurrencyExchange.swift; sourceTree = "<group>"; };
		1C6050DD2620DE7C0056C537 /* ExchangeRateProvider.swift */ = {isa = PBXFileReference; lastKnownFileType = sourcecode.swift; path = ExchangeRateProvider.swift; sourceTree = "<group>"; };
		1C6050E02620E3420056C537 /* Client.swift */ = {isa = PBXFileReference; lastKnownFileType = sourcecode.swift; path = Client.swift; sourceTree = "<group>"; };
		1C6227132623672600995DEC /* SelectionView.swift */ = {isa = PBXFileReference; lastKnownFileType = sourcecode.swift; path = SelectionView.swift; sourceTree = "<group>"; };
		1C62271526236ADD00995DEC /* SearchBar.swift */ = {isa = PBXFileReference; fileEncoding = 4; lastKnownFileType = sourcecode.swift; path = SearchBar.swift; sourceTree = "<group>"; };
		1C7C0E4E262AD8CA0015E7F1 /* AsyncStorageProvider.swift */ = {isa = PBXFileReference; lastKnownFileType = sourcecode.swift; path = AsyncStorageProvider.swift; sourceTree = "<group>"; };
		1C7C0E50262AE0920015E7F1 /* CurrencyDocumentStorage.swift */ = {isa = PBXFileReference; lastKnownFileType = sourcecode.swift; path = CurrencyDocumentStorage.swift; sourceTree = "<group>"; };
		1C93AF042624761900751B9A /* currencies.json */ = {isa = PBXFileReference; fileEncoding = 4; lastKnownFileType = text.json; path = currencies.json; sourceTree = "<group>"; };
		1C93AF0626247E1000751B9A /* SelectionRow.swift */ = {isa = PBXFileReference; lastKnownFileType = sourcecode.swift; path = SelectionRow.swift; sourceTree = "<group>"; };
		1C93AF082624874A00751B9A /* MainView.swift */ = {isa = PBXFileReference; lastKnownFileType = sourcecode.swift; path = MainView.swift; sourceTree = "<group>"; };
		1C93AF0C2624A70C00751B9A /* MainViewRow.swift */ = {isa = PBXFileReference; lastKnownFileType = sourcecode.swift; path = MainViewRow.swift; sourceTree = "<group>"; };
		1CB83F0726219F4800E8231A /* FlagsViewModel.swift */ = {isa = PBXFileReference; lastKnownFileType = sourcecode.swift; path = FlagsViewModel.swift; sourceTree = "<group>"; };
		1CB83F092621A02C00E8231A /* FlagView.swift */ = {isa = PBXFileReference; lastKnownFileType = sourcecode.swift; path = FlagView.swift; sourceTree = "<group>"; };
/* End PBXFileReference section */

/* Begin PBXFrameworksBuildPhase section */
		1C6050BF2620D5DE0056C537 /* Frameworks */ = {
			isa = PBXFrameworksBuildPhase;
			buildActionMask = 2147483647;
			files = (
			);
			runOnlyForDeploymentPostprocessing = 0;
		};
/* End PBXFrameworksBuildPhase section */

/* Begin PBXGroup section */
		1C6050B92620D5DD0056C537 = {
			isa = PBXGroup;
			children = (
				1C6050C42620D5DE0056C537 /* myCurrency */,
				1C6050C32620D5DE0056C537 /* Products */,
			);
			sourceTree = "<group>";
		};
		1C6050C32620D5DE0056C537 /* Products */ = {
			isa = PBXGroup;
			children = (
				1C6050C22620D5DE0056C537 /* myCurrency.app */,
			);
			name = Products;
			sourceTree = "<group>";
		};
		1C6050C42620D5DE0056C537 /* myCurrency */ = {
			isa = PBXGroup;
			children = (
				1C622710262363D000995DEC /* Resources */,
				1CB19AEF2626206C00139A1B /* Storage */,
				1C6050DF2620E32B0056C537 /* Client */,
				1C6050DA2620D7310056C537 /* ViewModel */,
				1C6050D52620D6560056C537 /* Views */,
				1C6050D42620D64E0056C537 /* Model */,
				1C6050C52620D5DE0056C537 /* myCurrencyApp.swift */,
				1C6050CE2620D5E20056C537 /* Info.plist */,
				1C6050CB2620D5E20056C537 /* Preview Content */,
			);
			path = myCurrency;
			sourceTree = "<group>";
		};
		1C6050CB2620D5E20056C537 /* Preview Content */ = {
			isa = PBXGroup;
			children = (
				1C6050CC2620D5E20056C537 /* Preview Assets.xcassets */,
			);
			path = "Preview Content";
			sourceTree = "<group>";
		};
		1C6050D42620D64E0056C537 /* Model */ = {
			isa = PBXGroup;
			children = (
				1C6050D62620D6730056C537 /* Currency.swift */,
				1C6050D82620D6E90056C537 /* AppState.swift */,
				1C6050DB2620D7FA0056C537 /* CurrencyExchange.swift */,
			);
			path = Model;
			sourceTree = "<group>";
		};
		1C6050D52620D6560056C537 /* Views */ = {
			isa = PBXGroup;
			children = (
				1CB83F092621A02C00E8231A /* FlagView.swift */,
				1C93AF0B26249A1000751B9A /* MainView */,
				1C93AF0A262499FF00751B9A /* SelectionView */,
			);
			path = Views;
			sourceTree = "<group>";
		};
		1C6050DA2620D7310056C537 /* ViewModel */ = {
			isa = PBXGroup;
			children = (
				1C6050DD2620DE7C0056C537 /* ExchangeRateProvider.swift */,
				1CB83F0726219F4800E8231A /* FlagsViewModel.swift */,
			);
			path = ViewModel;
			sourceTree = "<group>";
		};
		1C6050DF2620E32B0056C537 /* Client */ = {
			isa = PBXGroup;
			children = (
				1C6050E02620E3420056C537 /* Client.swift */,
				1C4403B2262CDE7200C6739D /* ExchangeRateClient.swift */,
			);
			path = Client;
			sourceTree = "<group>";
		};
		1C622710262363D000995DEC /* Resources */ = {
			isa = PBXGroup;
			children = (
				1C6050C92620D5E20056C537 /* Assets.xcassets */,
				1C93AF042624761900751B9A /* currencies.json */,
			);
			path = Resources;
			sourceTree = "<group>";
		};
		1C93AF0A262499FF00751B9A /* SelectionView */ = {
			isa = PBXGroup;
			children = (
				1C62271526236ADD00995DEC /* SearchBar.swift */,
				1C6227132623672600995DEC /* SelectionView.swift */,
				1C93AF0626247E1000751B9A /* SelectionRow.swift */,
			);
			path = SelectionView;
			sourceTree = "<group>";
		};
		1C93AF0B26249A1000751B9A /* MainView */ = {
			isa = PBXGroup;
			children = (
				1C93AF082624874A00751B9A /* MainView.swift */,
				1C93AF0C2624A70C00751B9A /* MainViewRow.swift */,
				1C4AD60A2629DF0E000F9ED4 /* EmptyView.swift */,
			);
			path = MainView;
			sourceTree = "<group>";
		};
		1CB19AEF2626206C00139A1B /* Storage */ = {
			isa = PBXGroup;
			children = (
				1C7C0E4E262AD8CA0015E7F1 /* AsyncStorageProvider.swift */,
				1C7C0E50262AE0920015E7F1 /* CurrencyDocumentStorage.swift */,
			);
			path = Storage;
			sourceTree = "<group>";
		};
/* End PBXGroup section */

/* Begin PBXNativeTarget section */
		1C6050C12620D5DE0056C537 /* myCurrency */ = {
			isa = PBXNativeTarget;
			buildConfigurationList = 1C6050D12620D5E20056C537 /* Build configuration list for PBXNativeTarget "myCurrency" */;
			buildPhases = (
				1C6050BE2620D5DE0056C537 /* Sources */,
				1C6050BF2620D5DE0056C537 /* Frameworks */,
				1C6050C02620D5DE0056C537 /* Resources */,
			);
			buildRules = (
			);
			dependencies = (
			);
			name = myCurrency;
			productName = myCurrency;
			productReference = 1C6050C22620D5DE0056C537 /* myCurrency.app */;
			productType = "com.apple.product-type.application";
		};
/* End PBXNativeTarget section */

/* Begin PBXProject section */
		1C6050BA2620D5DD0056C537 /* Project object */ = {
			isa = PBXProject;
			attributes = {
				LastSwiftUpdateCheck = 1250;
				LastUpgradeCheck = 1250;
				TargetAttributes = {
					1C6050C12620D5DE0056C537 = {
						CreatedOnToolsVersion = 12.5;
					};
				};
			};
			buildConfigurationList = 1C6050BD2620D5DD0056C537 /* Build configuration list for PBXProject "myCurrency" */;
			compatibilityVersion = "Xcode 9.3";
			developmentRegion = en;
			hasScannedForEncodings = 0;
			knownRegions = (
				en,
				Base,
			);
			mainGroup = 1C6050B92620D5DD0056C537;
			productRefGroup = 1C6050C32620D5DE0056C537 /* Products */;
			projectDirPath = "";
			projectRoot = "";
			targets = (
				1C6050C12620D5DE0056C537 /* myCurrency */,
			);
		};
/* End PBXProject section */

/* Begin PBXResourcesBuildPhase section */
		1C6050C02620D5DE0056C537 /* Resources */ = {
			isa = PBXResourcesBuildPhase;
			buildActionMask = 2147483647;
			files = (
				1C6050CD2620D5E20056C537 /* Preview Assets.xcassets in Resources */,
				1C6050CA2620D5E20056C537 /* Assets.xcassets in Resources */,
				1C93AF052624761900751B9A /* currencies.json in Resources */,
			);
			runOnlyForDeploymentPostprocessing = 0;
		};
/* End PBXResourcesBuildPhase section */

/* Begin PBXSourcesBuildPhase section */
		1C6050BE2620D5DE0056C537 /* Sources */ = {
			isa = PBXSourcesBuildPhase;
			buildActionMask = 2147483647;
			files = (
				1C62271626236ADD00995DEC /* SearchBar.swift in Sources */,
				1C6050D72620D6730056C537 /* Currency.swift in Sources */,
				1C7C0E4F262AD8CA0015E7F1 /* AsyncStorageProvider.swift in Sources */,
				1C6050E12620E3420056C537 /* Client.swift in Sources */,
				1C6050DC2620D7FA0056C537 /* CurrencyExchange.swift in Sources */,
				1C4AD60B2629DF0E000F9ED4 /* EmptyView.swift in Sources */,
				1C7C0E51262AE0920015E7F1 /* CurrencyDocumentStorage.swift in Sources */,
				1C6050D92620D6E90056C537 /* AppState.swift in Sources */,
				1CB83F0826219F4800E8231A /* FlagsViewModel.swift in Sources */,
				1CB83F0A2621A02C00E8231A /* FlagView.swift in Sources */,
				1C4403B3262CDE7200C6739D /* ExchangeRateClient.swift in Sources */,
				1C93AF092624874A00751B9A /* MainView.swift in Sources */,
				1C93AF0726247E1000751B9A /* SelectionRow.swift in Sources */,
				1C93AF0D2624A70C00751B9A /* MainViewRow.swift in Sources */,
				1C6050DE2620DE7C0056C537 /* ExchangeRateProvider.swift in Sources */,
				1C6050C62620D5DE0056C537 /* myCurrencyApp.swift in Sources */,
				1C6227142623672600995DEC /* SelectionView.swift in Sources */,
			);
			runOnlyForDeploymentPostprocessing = 0;
		};
/* End PBXSourcesBuildPhase section */

/* Begin XCBuildConfiguration section */
		1C6050CF2620D5E20056C537 /* Debug */ = {
			isa = XCBuildConfiguration;
			buildSettings = {
				ALWAYS_SEARCH_USER_PATHS = NO;
				CLANG_ANALYZER_NONNULL = YES;
				CLANG_ANALYZER_NUMBER_OBJECT_CONVERSION = YES_AGGRESSIVE;
				CLANG_CXX_LANGUAGE_STANDARD = "gnu++14";
				CLANG_CXX_LIBRARY = "libc++";
				CLANG_ENABLE_MODULES = YES;
				CLANG_ENABLE_OBJC_ARC = YES;
				CLANG_ENABLE_OBJC_WEAK = YES;
				CLANG_WARN_BLOCK_CAPTURE_AUTORELEASING = YES;
				CLANG_WARN_BOOL_CONVERSION = YES;
				CLANG_WARN_COMMA = YES;
				CLANG_WARN_CONSTANT_CONVERSION = YES;
				CLANG_WARN_DEPRECATED_OBJC_IMPLEMENTATIONS = YES;
				CLANG_WARN_DIRECT_OBJC_ISA_USAGE = YES_ERROR;
				CLANG_WARN_DOCUMENTATION_COMMENTS = YES;
				CLANG_WARN_EMPTY_BODY = YES;
				CLANG_WARN_ENUM_CONVERSION = YES;
				CLANG_WARN_INFINITE_RECURSION = YES;
				CLANG_WARN_INT_CONVERSION = YES;
				CLANG_WARN_NON_LITERAL_NULL_CONVERSION = YES;
				CLANG_WARN_OBJC_IMPLICIT_RETAIN_SELF = YES;
				CLANG_WARN_OBJC_LITERAL_CONVERSION = YES;
				CLANG_WARN_OBJC_ROOT_CLASS = YES_ERROR;
				CLANG_WARN_QUOTED_INCLUDE_IN_FRAMEWORK_HEADER = YES;
				CLANG_WARN_RANGE_LOOP_ANALYSIS = YES;
				CLANG_WARN_STRICT_PROTOTYPES = YES;
				CLANG_WARN_SUSPICIOUS_MOVE = YES;
				CLANG_WARN_UNGUARDED_AVAILABILITY = YES_AGGRESSIVE;
				CLANG_WARN_UNREACHABLE_CODE = YES;
				CLANG_WARN__DUPLICATE_METHOD_MATCH = YES;
				COPY_PHASE_STRIP = NO;
				DEBUG_INFORMATION_FORMAT = dwarf;
				ENABLE_STRICT_OBJC_MSGSEND = YES;
				ENABLE_TESTABILITY = YES;
				GCC_C_LANGUAGE_STANDARD = gnu11;
				GCC_DYNAMIC_NO_PIC = NO;
				GCC_NO_COMMON_BLOCKS = YES;
				GCC_OPTIMIZATION_LEVEL = 0;
				GCC_PREPROCESSOR_DEFINITIONS = (
					"DEBUG=1",
					"$(inherited)",
				);
				GCC_WARN_64_TO_32_BIT_CONVERSION = YES;
				GCC_WARN_ABOUT_RETURN_TYPE = YES_ERROR;
				GCC_WARN_UNDECLARED_SELECTOR = YES;
				GCC_WARN_UNINITIALIZED_AUTOS = YES_AGGRESSIVE;
				GCC_WARN_UNUSED_FUNCTION = YES;
				GCC_WARN_UNUSED_VARIABLE = YES;
				IPHONEOS_DEPLOYMENT_TARGET = 14.5;
				MTL_ENABLE_DEBUG_INFO = INCLUDE_SOURCE;
				MTL_FAST_MATH = YES;
				ONLY_ACTIVE_ARCH = YES;
				SDKROOT = iphoneos;
				SWIFT_ACTIVE_COMPILATION_CONDITIONS = DEBUG;
				SWIFT_OPTIMIZATION_LEVEL = "-Onone";
			};
			name = Debug;
		};
		1C6050D02620D5E20056C537 /* Release */ = {
			isa = XCBuildConfiguration;
			buildSettings = {
				ALWAYS_SEARCH_USER_PATHS = NO;
				CLANG_ANALYZER_NONNULL = YES;
				CLANG_ANALYZER_NUMBER_OBJECT_CONVERSION = YES_AGGRESSIVE;
				CLANG_CXX_LANGUAGE_STANDARD = "gnu++14";
				CLANG_CXX_LIBRARY = "libc++";
				CLANG_ENABLE_MODULES = YES;
				CLANG_ENABLE_OBJC_ARC = YES;
				CLANG_ENABLE_OBJC_WEAK = YES;
				CLANG_WARN_BLOCK_CAPTURE_AUTORELEASING = YES;
				CLANG_WARN_BOOL_CONVERSION = YES;
				CLANG_WARN_COMMA = YES;
				CLANG_WARN_CONSTANT_CONVERSION = YES;
				CLANG_WARN_DEPRECATED_OBJC_IMPLEMENTATIONS = YES;
				CLANG_WARN_DIRECT_OBJC_ISA_USAGE = YES_ERROR;
				CLANG_WARN_DOCUMENTATION_COMMENTS = YES;
				CLANG_WARN_EMPTY_BODY = YES;
				CLANG_WARN_ENUM_CONVERSION = YES;
				CLANG_WARN_INFINITE_RECURSION = YES;
				CLANG_WARN_INT_CONVERSION = YES;
				CLANG_WARN_NON_LITERAL_NULL_CONVERSION = YES;
				CLANG_WARN_OBJC_IMPLICIT_RETAIN_SELF = YES;
				CLANG_WARN_OBJC_LITERAL_CONVERSION = YES;
				CLANG_WARN_OBJC_ROOT_CLASS = YES_ERROR;
				CLANG_WARN_QUOTED_INCLUDE_IN_FRAMEWORK_HEADER = YES;
				CLANG_WARN_RANGE_LOOP_ANALYSIS = YES;
				CLANG_WARN_STRICT_PROTOTYPES = YES;
				CLANG_WARN_SUSPICIOUS_MOVE = YES;
				CLANG_WARN_UNGUARDED_AVAILABILITY = YES_AGGRESSIVE;
				CLANG_WARN_UNREACHABLE_CODE = YES;
				CLANG_WARN__DUPLICATE_METHOD_MATCH = YES;
				COPY_PHASE_STRIP = NO;
				DEBUG_INFORMATION_FORMAT = "dwarf-with-dsym";
				ENABLE_NS_ASSERTIONS = NO;
				ENABLE_STRICT_OBJC_MSGSEND = YES;
				GCC_C_LANGUAGE_STANDARD = gnu11;
				GCC_NO_COMMON_BLOCKS = YES;
				GCC_WARN_64_TO_32_BIT_CONVERSION = YES;
				GCC_WARN_ABOUT_RETURN_TYPE = YES_ERROR;
				GCC_WARN_UNDECLARED_SELECTOR = YES;
				GCC_WARN_UNINITIALIZED_AUTOS = YES_AGGRESSIVE;
				GCC_WARN_UNUSED_FUNCTION = YES;
				GCC_WARN_UNUSED_VARIABLE = YES;
				IPHONEOS_DEPLOYMENT_TARGET = 14.5;
				MTL_ENABLE_DEBUG_INFO = NO;
				MTL_FAST_MATH = YES;
				SDKROOT = iphoneos;
				SWIFT_COMPILATION_MODE = wholemodule;
				SWIFT_OPTIMIZATION_LEVEL = "-O";
				VALIDATE_PRODUCT = YES;
			};
			name = Release;
		};
		1C6050D22620D5E20056C537 /* Debug */ = {
			isa = XCBuildConfiguration;
			buildSettings = {
				ASSETCATALOG_COMPILER_APPICON_NAME = AppIcon;
				ASSETCATALOG_COMPILER_GLOBAL_ACCENT_COLOR_NAME = AccentColor;
				CODE_SIGN_STYLE = Automatic;
				DEVELOPMENT_ASSET_PATHS = "\"myCurrency/Preview Content\"";
				DEVELOPMENT_TEAM = GX5W4FWX46;
				ENABLE_PREVIEWS = YES;
				INFOPLIST_FILE = myCurrency/Info.plist;
				IPHONEOS_DEPLOYMENT_TARGET = 14.0;
				LD_RUNPATH_SEARCH_PATHS = (
					"$(inherited)",
					"@executable_path/Frameworks",
				);
				PRODUCT_BUNDLE_IDENTIFIER = RandValue.myCurrency;
				PRODUCT_NAME = "$(TARGET_NAME)";
				SWIFT_VERSION = 5.0;
				TARGETED_DEVICE_FAMILY = "1,2";
			};
			name = Debug;
		};
		1C6050D32620D5E20056C537 /* Release */ = {
			isa = XCBuildConfiguration;
			buildSettings = {
				ASSETCATALOG_COMPILER_APPICON_NAME = AppIcon;
				ASSETCATALOG_COMPILER_GLOBAL_ACCENT_COLOR_NAME = AccentColor;
				CODE_SIGN_STYLE = Automatic;
				DEVELOPMENT_ASSET_PATHS = "\"myCurrency/Preview Content\"";
				DEVELOPMENT_TEAM = GX5W4FWX46;
				ENABLE_PREVIEWS = YES;
				INFOPLIST_FILE = myCurrency/Info.plist;
				IPHONEOS_DEPLOYMENT_TARGET = 14.0;
				LD_RUNPATH_SEARCH_PATHS = (
					"$(inherited)",
					"@executable_path/Frameworks",
				);
				PRODUCT_BUNDLE_IDENTIFIER = RandValue.myCurrency;
				PRODUCT_NAME = "$(TARGET_NAME)";
				SWIFT_VERSION = 5.0;
				TARGETED_DEVICE_FAMILY = "1,2";
			};
			name = Release;
		};
/* End XCBuildConfiguration section */

/* Begin XCConfigurationList section */
		1C6050BD2620D5DD0056C537 /* Build configuration list for PBXProject "myCurrency" */ = {
			isa = XCConfigurationList;
			buildConfigurations = (
				1C6050CF2620D5E20056C537 /* Debug */,
				1C6050D02620D5E20056C537 /* Release */,
			);
			defaultConfigurationIsVisible = 0;
			defaultConfigurationName = Release;
		};
		1C6050D12620D5E20056C537 /* Build configuration list for PBXNativeTarget "myCurrency" */ = {
			isa = XCConfigurationList;
			buildConfigurations = (
				1C6050D22620D5E20056C537 /* Debug */,
				1C6050D32620D5E20056C537 /* Release */,
			);
			defaultConfigurationIsVisible = 0;
			defaultConfigurationName = Release;
		};
/* End XCConfigurationList section */
	};
	rootObject = 1C6050BA2620D5DD0056C537 /* Project object */;
}
